github.com/mkyas/miniraft v0.0.0-20240313094642-4d791e3bea11 h1:R4wLajHPnvwfJj2Pvc8wXdrKF0dD7qmP8uh6xYJIOc4=
github.com/mkyas/miniraft v0.0.0-20240313094642-4d791e3bea11/go.mod h1:1w8maMvQFI+6Cwsw5Id39iHxgFvu5+xT1JvlgiUQv8U=
google.golang.org/protobuf v1.33.0 h1:uNO2rsAINq/JlFpSdYEKIZ0uKD/R9cpdv0T+yoGwGmI=
google.golang.org/protobuf v1.33.0/go.mod h1:c6P6GXX6sHbq/GpV6MGZEdwhWPcYBgnhAHhKbcUYpos=
